
Microsoft Visual Studio Solution File, Format Version 12.00
# Visual Studio Version 17
VisualStudioVersion = 17.10.35122.118
MinimumVisualStudioVersion = 10.0.40219.1
Project("{FAE04EC0-301F-11D3-BF4B-00C04F79EFBC}") = "EstruturaDeDados", "EstruturaDeDados\EstruturaDeDados.csproj", "{5350F250-8238-4C9B-8787-46F989DD5115}"
EndProject
Global
	GlobalSection(SolutionConfigurationPlatforms) = preSolution
		Debug|Any CPU = Debug|Any CPU
		Release|Any CPU = Release|Any CPU
	EndGlobalSection
	GlobalSection(ProjectConfigurationPlatforms) = postSolution
		{5350F250-8238-4C9B-8787-46F989DD5115}.Debug|Any CPU.ActiveCfg = Debug|Any CPU
		{5350F250-8238-4C9B-8787-46F989DD5115}.Debug|Any CPU.Build.0 = Debug|Any CPU
		{5350F250-8238-4C9B-8787-46F989DD5115}.Release|Any CPU.ActiveCfg = Release|Any CPU
		{5350F250-8238-4C9B-8787-46F989DD5115}.Release|Any CPU.Build.0 = Release|Any CPU
	EndGlobalSection
	GlobalSection(SolutionProperties) = preSolution
		HideSolutionNode = FALSE
	EndGlobalSection
	GlobalSection(ExtensibilityGlobals) = postSolution
		SolutionGuid = {041F2628-C196-4DF6-9C42-1C7C4C77C1B3}
	EndGlobalSection
EndGlobal
